// !$*UTF8*$!
{
	archiveVersion = 1;
	classes = {
	};
	objectVersion = 56;
	objects = {

/* Begin PBXBuildFile section */
		C768E39E2F5198CB00EECBB7 /* loco_iosApp.swift in Sources */ = {isa = PBXBuildFile; fileRef = C768E39D2F5198CB00EECBB7 /* loco_iosApp.swift */; };
		C768E3A02F5198CB00EECBB7 /* ContentView.swift in Sources */ = {isa = PBXBuildFile; fileRef = C768E39F2F5198CB00EECBB7 /* ContentView.swift */; };
		C768E3A22F5198CD00EECBB7 /* Assets.xcassets in Resources */ = {isa = PBXBuildFile; fileRef = C768E3A12F5198CD00EECBB7 /* Assets.xcassets */; };
		C768E3A52F5198CE00EECBB7 /* Preview Assets.xcassets in Resources */ = {isa = PBXBuildFile; fileRef = C768E3A42F5198CE00EECBB7 /* Preview Assets.xcassets */; };
		C768E3AF2F5198CE00EECBB7 /* loco_iosTests.swift in Sources */ = {isa = PBXBuildFile; fileRef = C768E3AE2F5198CE00EECBB7 /* loco_iosTests.swift */; };
		C768E3B92F5198CE00EECBB7 /* loco_iosUITests.swift in Sources */ = {isa = PBXBuildFile; fileRef = C768E3B82F5198CE00EECBB7 /* loco_iosUITests.swift */; };
		C768E3BB2F5198CE00EECBB7 /* loco_iosUITestsLaunchTests.swift in Sources */ = {isa = PBXBuildFile; fileRef = C768E3BA2F5198CE00EECBB7 /* loco_iosUITestsLaunchTests.swift */; };
/* End PBXBuildFile section */

/* Begin PBXContainerItemProxy section */
		C768E3AB2F5198CE00EECBB7 /* PBXContainerItemProxy */ = {
			isa = PBXContainerItemProxy;
			containerPortal = C768E3922F5198CB00EECBB7 /* Project object */;
			proxyType = 1;
			remoteGlobalIDString = C768E3992F5198CB00EECBB7;
			remoteInfo = "loco-ios";
		};
		C768E3B52F5198CE00EECBB7 /* PBXContainerItemProxy */ = {
			isa = PBXContainerItemProxy;
			containerPortal = C768E3922F5198CB00EECBB7 /* Project object */;
			proxyType = 1;
			remoteGlobalIDString = C768E3992F5198CB00EECBB7;
			remoteInfo = "loco-ios";
		};
/* End PBXContainerItemProxy section */

/* Begin PBXFileReference section */
		C768E39A2F5198CB00EECBB7 /* loco-ios.app */ = {isa = PBXFileReference; explicitFileType = wrapper.application; includeInIndex = 0; path = "loco-ios.app"; sourceTree = BUILT_PRODUCTS_DIR; };
		C768E39D2F5198CB00EECBB7 /* loco_iosApp.swift */ = {isa = PBXFileReference; lastKnownFileType = sourcecode.swift; path = loco_iosApp.swift; sourceTree = "<group>"; };
		C768E39F2F5198CB00EECBB7 /* ContentView.swift */ = {isa = PBXFileReference; lastKnownFileType = sourcecode.swift; path = ContentView.swift; sourceTree = "<group>"; };
		C768E3A12F5198CD00EECBB7 /* Assets.xcassets */ = {isa = PBXFileReference; lastKnownFileType = folder.assetcatalog; path = Assets.xcassets; sourceTree = "<group>"; };
		C768E3A42F5198CE00EECBB7 /* Preview Assets.xcassets */ = {isa = PBXFileReference; lastKnownFileType = folder.assetcatalog; path = "Preview Assets.xcassets"; sourceTree = "<group>"; };
		C768E3AA2F5198CE00EECBB7 /* loco-iosTests.xctest */ = {isa = PBXFileReference; explicitFileType = wrapper.cfbundle; includeInIndex = 0; path = "loco-iosTests.xctest"; sourceTree = BUILT_PRODUCTS_DIR; };
		C768E3AE2F5198CE00EECBB7 /* loco_iosTests.swift */ = {isa = PBXFileReference; lastKnownFileType = sourcecode.swift; path = loco_iosTests.swift; sourceTree = "<group>"; };
		C768E3B42F5198CE00EECBB7 /* loco-iosUITests.xctest */ = {isa = PBXFileReference; explicitFileType = wrapper.cfbundle; includeInIndex = 0; path = "loco-iosUITests.xctest"; sourceTree = BUILT_PRODUCTS_DIR; };
		C768E3B82F5198CE00EECBB7 /* loco_iosUITests.swift */ = {isa = PBXFileReference; lastKnownFileType = sourcecode.swift; path = loco_iosUITests.swift; sourceTree = "<group>"; };
		C768E3BA2F5198CE00EECBB7 /* loco_iosUITestsLaunchTests.swift */ = {isa = PBXFileReference; lastKnownFileType = sourcecode.swift; path = loco_iosUITestsLaunchTests.swift; sourceTree = "<group>"; };
/* End PBXFileReference section */

/* Begin PBXFrameworksBuildPhase section */
		C768E3972F5198CB00EECBB7 /* Frameworks */ = {
			isa = PBXFrameworksBuildPhase;
			buildActionMask = 2147483647;
			files = (
			);
			runOnlyForDeploymentPostprocessing = 0;
		};
		C768E3A72F5198CE00EECBB7 /* Frameworks */ = {
			isa = PBXFrameworksBuildPhase;
			buildActionMask = 2147483647;
			files = (
			);
			runOnlyForDeploymentPostprocessing = 0;
		};
		C768E3B12F5198CE00EECBB7 /* Frameworks */ = {
			isa = PBXFrameworksBuildPhase;
			buildActionMask = 2147483647;
			files = (
			);
			runOnlyForDeploymentPostprocessing = 0;
		};
/* End PBXFrameworksBuildPhase section */

/* Begin PBXGroup section */
		C768E3912F5198CB00EECBB7 = {
			isa = PBXGroup;
			children = (
				C768E39C2F5198CB00EECBB7 /* loco-ios */,
				C768E3AD2F5198CE00EECBB7 /* loco-iosTests */,
				C768E3B72F5198CE00EECBB7 /* loco-iosUITests */,
				C768E39B2F5198CB00EECBB7 /* Products */,
			);
			sourceTree = "<group>";
		};
		C768E39B2F5198CB00EECBB7 /* Products */ = {
			isa = PBXGroup;
			children = (
				C768E39A2F5198CB00EECBB7 /* loco-ios.app */,
				C768E3AA2F5198CE00EECBB7 /* loco-iosTests.xctest */,
				C768E3B42F5198CE00EECBB7 /* loco-iosUITests.xctest */,
			);
			name = Products;
			sourceTree = "<group>";
		};
		C768E39C2F5198CB00EECBB7 /* loco-ios */ = {
			isa = PBXGroup;
			children = (
				C768E39D2F5198CB00EECBB7 /* loco_iosApp.swift */,
				C768E39F2F5198CB00EECBB7 /* ContentView.swift */,
				C768E3A12F5198CD00EECBB7 /* Assets.xcassets */,
				C768E3A32F5198CE00EECBB7 /* Preview Content */,
			);
			path = "loco-ios";
			sourceTree = "<group>";
		};
		C768E3A32F5198CE00EECBB7 /* Preview Content */ = {
			isa = PBXGroup;
			children = (
				C768E3A42F5198CE00EECBB7 /* Preview Assets.xcassets */,
			);
			path = "Preview Content";
			sourceTree = "<group>";
		};
		C768E3AD2F5198CE00EECBB7 /* loco-iosTests */ = {
			isa = PBXGroup;
			children = (
				C768E3AE2F5198CE00EECBB7 /* loco_iosTests.swift */,
			);
			path = "loco-iosTests";
			sourceTree = "<group>";
		};
		C768E3B72F5198CE00EECBB7 /* loco-iosUITests */ = {
			isa = PBXGroup;
			children = (
				C768E3B82F5198CE00EECBB7 /* loco_iosUITests.swift */,
				C768E3BA2F5198CE00EECBB7 /* loco_iosUITestsLaunchTests.swift */,
			);
			path = "loco-iosUITests";
			sourceTree = "<group>";
		};
/* End PBXGroup section */

/* Begin PBXNativeTarget section */
		C768E3992F5198CB00EECBB7 /* loco-ios */ = {
			isa = PBXNativeTarget;
			buildConfigurationList = C768E3BE2F5198CE00EECBB7 /* Build configuration list for PBXNativeTarget "loco-ios" */;
			buildPhases = (
				C768E3962F5198CB00EECBB7 /* Sources */,
				C768E3972F5198CB00EECBB7 /* Frameworks */,
				C768E3982F5198CB00EECBB7 /* Resources */,
			);
			buildRules = (
			);
			dependencies = (
			);
			name = "loco-ios";
			productName = "loco-ios";
			productReference = C768E39A2F5198CB00EECBB7 /* loco-ios.app */;
			productType = "com.apple.product-type.application";
		};
		C768E3A92F5198CE00EECBB7 /* loco-iosTests */ = {
			isa = PBXNativeTarget;
			buildConfigurationList = C768E3C12F5198CE00EECBB7 /* Build configuration list for PBXNativeTarget "loco-iosTests" */;
			buildPhases = (
				C768E3A62F5198CE00EECBB7 /* Sources */,
				C768E3A72F5198CE00EECBB7 /* Frameworks */,
				C768E3A82F5198CE00EECBB7 /* Resources */,
			);
			buildRules = (
			);
			dependencies = (
				C768E3AC2F5198CE00EECBB7 /* PBXTargetDependency */,
			);
			name = "loco-iosTests";
			productName = "loco-iosTests";
			productReference = C768E3AA2F5198CE00EECBB7 /* loco-iosTests.xctest */;
			productType = "com.apple.product-type.bundle.unit-test";
		};
		C768E3B32F5198CE00EECBB7 /* loco-iosUITests */ = {
			isa = PBXNativeTarget;
			buildConfigurationList = C768E3C42F5198CE00EECBB7 /* Build configuration list for PBXNativeTarget "loco-iosUITests" */;
			buildPhases = (
				C768E3B02F5198CE00EECBB7 /* Sources */,
				C768E3B12F5198CE00EECBB7 /* Frameworks */,
				C768E3B22F5198CE00EECBB7 /* Resources */,
			);
			buildRules = (
			);
			dependencies = (
				C768E3B62F5198CE00EECBB7 /* PBXTargetDependency */,
			);
			name = "loco-iosUITests";
			productName = "loco-iosUITests";
			productReference = C768E3B42F5198CE00EECBB7 /* loco-iosUITests.xctest */;
			productType = "com.apple.product-type.bundle.ui-testing";
		};
/* End PBXNativeTarget section */

/* Begin PBXProject section */
		C768E3922F5198CB00EECBB7 /* Project object */ = {
			isa = PBXProject;
			attributes = {
				BuildIndependentTargetsInParallel = 1;
				LastSwiftUpdateCheck = 1520;
				LastUpgradeCheck = 1520;
				TargetAttributes = {
					C768E3992F5198CB00EECBB7 = {
						CreatedOnToolsVersion = 15.2;
					};
					C768E3A92F5198CE00EECBB7 = {
						CreatedOnToolsVersion = 15.2;
						TestTargetID = C768E3992F5198CB00EECBB7;
					};
					C768E3B32F5198CE00EECBB7 = {
						CreatedOnToolsVersion = 15.2;
						TestTargetID = C768E3992F5198CB00EECBB7;
					};
				};
			};
			buildConfigurationList = C768E3952F5198CB00EECBB7 /* Build configuration list for PBXProject "loco-ios" */;
			compatibilityVersion = "Xcode 14.0";
			developmentRegion = en;
			hasScannedForEncodings = 0;
			knownRegions = (
				en,
				Base,
			);
			mainGroup = C768E3912F5198CB00EECBB7;
			productRefGroup = C768E39B2F5198CB00EECBB7 /* Products */;
			projectDirPath = "";
			projectRoot = "";
			targets = (
				C768E3992F5198CB00EECBB7 /* loco-ios */,
				C768E3A92F5198CE00EECBB7 /* loco-iosTests */,
				C768E3B32F5198CE00EECBB7 /* loco-iosUITests */,
			);
		};
/* End PBXProject section */

/* Begin PBXResourcesBuildPhase section */
		C768E3982F5198CB00EECBB7 /* Resources */ = {
			isa = PBXResourcesBuildPhase;
			buildActionMask = 2147483647;
			files = (
				C768E3A52F5198CE00EECBB7 /* Preview Assets.xcassets in Resources */,
				C768E3A22F5198CD00EECBB7 /* Assets.xcassets in Resources */,
			);
			runOnlyForDeploymentPostprocessing = 0;
		};
		C768E3A82F5198CE00EECBB7 /* Resources */ = {
			isa = PBXResourcesBuildPhase;
			buildActionMask = 2147483647;
			files = (
			);
			runOnlyForDeploymentPostprocessing = 0;
		};
		C768E3B22F5198CE00EECBB7 /* Resources */ = {
			isa = PBXResourcesBuildPhase;
			buildActionMask = 2147483647;
			files = (
			);
			runOnlyForDeploymentPostprocessing = 0;
		};
/* End PBXResourcesBuildPhase section */

/* Begin PBXSourcesBuildPhase section */
		C768E3962F5198CB00EECBB7 /* Sources */ = {
			isa = PBXSourcesBuildPhase;
			buildActionMask = 2147483647;
			files = (
				C768E3A02F5198CB00EECBB7 /* ContentView.swift in Sources */,
				C768E39E2F5198CB00EECBB7 /* loco_iosApp.swift in Sources */,
			);
			runOnlyForDeploymentPostprocessing = 0;
		};
		C768E3A62F5198CE00EECBB7 /* Sources */ = {
			isa = PBXSourcesBuildPhase;
			buildActionMask = 2147483647;
			files = (
				C768E3AF2F5198CE00EECBB7 /* loco_iosTests.swift in Sources */,
			);
			runOnlyForDeploymentPostprocessing = 0;
		};
		C768E3B02F5198CE00EECBB7 /* Sources */ = {
			isa = PBXSourcesBuildPhase;
			buildActionMask = 2147483647;
			files = (
				C768E3BB2F5198CE00EECBB7 /* loco_iosUITestsLaunchTests.swift in Sources */,
				C768E3B92F5198CE00EECBB7 /* loco_iosUITests.swift in Sources */,
			);
			runOnlyForDeploymentPostprocessing = 0;
		};
/* End PBXSourcesBuildPhase section */

/* Begin PBXTargetDependency section */
		C768E3AC2F5198CE00EECBB7 /* PBXTargetDependency */ = {
			isa = PBXTargetDependency;
			target = C768E3992F5198CB00EECBB7 /* loco-ios */;
			targetProxy = C768E3AB2F5198CE00EECBB7 /* PBXContainerItemProxy */;
		};
		C768E3B62F5198CE00EECBB7 /* PBXTargetDependency */ = {
			isa = PBXTargetDependency;
			target = C768E3992F5198CB00EECBB7 /* loco-ios */;
			targetProxy = C768E3B52F5198CE00EECBB7 /* PBXContainerItemProxy */;
		};
/* End PBXTargetDependency section */

/* Begin XCBuildConfiguration section */
		C768E3BC2F5198CE00EECBB7 /* Debug */ = {
			isa = XCBuildConfiguration;
			buildSettings = {
				ALWAYS_SEARCH_USER_PATHS = NO;
				ASSETCATALOG_COMPILER_GENERATE_SWIFT_ASSET_SYMBOL_EXTENSIONS = YES;
				CLANG_ANALYZER_NONNULL = YES;
				CLANG_ANALYZER_NUMBER_OBJECT_CONVERSION = YES_AGGRESSIVE;
				CLANG_CXX_LANGUAGE_STANDARD = "gnu++20";
				CLANG_ENABLE_MODULES = YES;
				CLANG_ENABLE_OBJC_ARC = YES;
				CLANG_ENABLE_OBJC_WEAK = YES;
				CLANG_WARN_BLOCK_CAPTURE_AUTORELEASING = YES;
				CLANG_WARN_BOOL_CONVERSION = YES;
				CLANG_WARN_COMMA = YES;
				CLANG_WARN_CONSTANT_CONVERSION = YES;
				CLANG_WARN_DEPRECATED_OBJC_IMPLEMENTATIONS = YES;
				CLANG_WARN_DIRECT_OBJC_ISA_USAGE = YES_ERROR;
				CLANG_WARN_DOCUMENTATION_COMMENTS = YES;
				CLANG_WARN_EMPTY_BODY = YES;
				CLANG_WARN_ENUM_CONVERSION = YES;
				CLANG_WARN_INFINITE_RECURSION = YES;
				CLANG_WARN_INT_CONVERSION = YES;
				CLANG_WARN_NON_LITERAL_NULL_CONVERSION = YES;
				CLANG_WARN_OBJC_IMPLICIT_RETAIN_SELF = YES;
				CLANG_WARN_OBJC_LITERAL_CONVERSION = YES;
				CLANG_WARN_OBJC_ROOT_CLASS = YES_ERROR;
				CLANG_WARN_QUOTED_INCLUDE_IN_FRAMEWORK_HEADER = YES;
				CLANG_WARN_RANGE_LOOP_ANALYSIS = YES;
				CLANG_WARN_STRICT_PROTOTYPES = YES;
				CLANG_WARN_SUSPICIOUS_MOVE = YES;
				CLANG_WARN_UNGUARDED_AVAILABILITY = YES_AGGRESSIVE;
				CLANG_WARN_UNREACHABLE_CODE = YES;
				CLANG_WARN__DUPLICATE_METHOD_MATCH = YES;
				COPY_PHASE_STRIP = NO;
				DEBUG_INFORMATION_FORMAT = dwarf;
				ENABLE_STRICT_OBJC_MSGSEND = YES;
				ENABLE_TESTABILITY = YES;
				ENABLE_USER_SCRIPT_SANDBOXING = YES;
				GCC_C_LANGUAGE_STANDARD = gnu17;
				GCC_DYNAMIC_NO_PIC = NO;
				GCC_NO_COMMON_BLOCKS = YES;
				GCC_OPTIMIZATION_LEVEL = 0;
				GCC_PREPROCESSOR_DEFINITIONS = (
					"DEBUG=1",
					"$(inherited)",
				);
				GCC_WARN_64_TO_32_BIT_CONVERSION = YES;
				GCC_WARN_ABOUT_RETURN_TYPE = YES_ERROR;
				GCC_WARN_UNDECLARED_SELECTOR = YES;
				GCC_WARN_UNINITIALIZED_AUTOS = YES_AGGRESSIVE;
				GCC_WARN_UNUSED_FUNCTION = YES;
				GCC_WARN_UNUSED_VARIABLE = YES;
				IPHONEOS_DEPLOYMENT_TARGET = 17.2;
				LOCALIZATION_PREFERS_STRING_CATALOGS = YES;
				MTL_ENABLE_DEBUG_INFO = INCLUDE_SOURCE;
				MTL_FAST_MATH = YES;
				ONLY_ACTIVE_ARCH = YES;
				SDKROOT = iphoneos;
				SWIFT_ACTIVE_COMPILATION_CONDITIONS = "DEBUG $(inherited)";
				SWIFT_OPTIMIZATION_LEVEL = "-Onone";
			};
			name = Debug;
		};
		C768E3BD2F5198CE00EECBB7 /* Release */ = {
			isa = XCBuildConfiguration;
			buildSettings = {
				ALWAYS_SEARCH_USER_PATHS = NO;
				ASSETCATALOG_COMPILER_GENERATE_SWIFT_ASSET_SYMBOL_EXTENSIONS = YES;
				CLANG_ANALYZER_NONNULL = YES;
				CLANG_ANALYZER_NUMBER_OBJECT_CONVERSION = YES_AGGRESSIVE;
				CLANG_CXX_LANGUAGE_STANDARD = "gnu++20";
				CLANG_ENABLE_MODULES = YES;
				CLANG_ENABLE_OBJC_ARC = YES;
				CLANG_ENABLE_OBJC_WEAK = YES;
				CLANG_WARN_BLOCK_CAPTURE_AUTORELEASING = YES;
				CLANG_WARN_BOOL_CONVERSION = YES;
				CLANG_WARN_COMMA = YES;
				CLANG_WARN_CONSTANT_CONVERSION = YES;
				CLANG_WARN_DEPRECATED_OBJC_IMPLEMENTATIONS = YES;
				CLANG_WARN_DIRECT_OBJC_ISA_USAGE = YES_ERROR;
				CLANG_WARN_DOCUMENTATION_COMMENTS = YES;
				CLANG_WARN_EMPTY_BODY = YES;
				CLANG_WARN_ENUM_CONVERSION = YES;
				CLANG_WARN_INFINITE_RECURSION = YES;
				CLANG_WARN_INT_CONVERSION = YES;
				CLANG_WARN_NON_LITERAL_NULL_CONVERSION = YES;
				CLANG_WARN_OBJC_IMPLICIT_RETAIN_SELF = YES;
				CLANG_WARN_OBJC_LITERAL_CONVERSION = YES;
				CLANG_WARN_OBJC_ROOT_CLASS = YES_ERROR;
				CLANG_WARN_QUOTED_INCLUDE_IN_FRAMEWORK_HEADER = YES;
				CLANG_WARN_RANGE_LOOP_ANALYSIS = YES;
				CLANG_WARN_STRICT_PROTOTYPES = YES;
				CLANG_WARN_SUSPICIOUS_MOVE = YES;
				CLANG_WARN_UNGUARDED_AVAILABILITY = YES_AGGRESSIVE;
				CLANG_WARN_UNREACHABLE_CODE = YES;
				CLANG_WARN__DUPLICATE_METHOD_MATCH = YES;
				COPY_PHASE_STRIP = NO;
				DEBUG_INFORMATION_FORMAT = "dwarf-with-dsym";
				ENABLE_NS_ASSERTIONS = NO;
				ENABLE_STRICT_OBJC_MSGSEND = YES;
				ENABLE_USER_SCRIPT_SANDBOXING = YES;
				GCC_C_LANGUAGE_STANDARD = gnu17;
				GCC_NO_COMMON_BLOCKS = YES;
				GCC_WARN_64_TO_32_BIT_CONVERSION = YES;
				GCC_WARN_ABOUT_RETURN_TYPE = YES_ERROR;
				GCC_WARN_UNDECLARED_SELECTOR = YES;
				GCC_WARN_UNINITIALIZED_AUTOS = YES_AGGRESSIVE;
				GCC_WARN_UNUSED_FUNCTION = YES;
				GCC_WARN_UNUSED_VARIABLE = YES;
				IPHONEOS_DEPLOYMENT_TARGET = 17.2;
				LOCALIZATION_PREFERS_STRING_CATALOGS = YES;
				MTL_ENABLE_DEBUG_INFO = NO;
				MTL_FAST_MATH = YES;
				SDKROOT = iphoneos;
				SWIFT_COMPILATION_MODE = wholemodule;
				VALIDATE_PRODUCT = YES;
			};
			name = Release;
		};
		C768E3BF2F5198CE00EECBB7 /* Debug */ = {
			isa = XCBuildConfiguration;
			buildSettings = {
				ASSETCATALOG_COMPILER_APPICON_NAME = AppIcon;
				ASSETCATALOG_COMPILER_GLOBAL_ACCENT_COLOR_NAME = AccentColor;
				CODE_SIGN_STYLE = Automatic;
				CURRENT_PROJECT_VERSION = 1;
				DEVELOPMENT_ASSET_PATHS = "\"loco-ios/Preview Content\"";
				ENABLE_PREVIEWS = YES;
				GENERATE_INFOPLIST_FILE = YES;
				INFOPLIST_KEY_UIApplicationSceneManifest_Generation = YES;
				INFOPLIST_KEY_UIApplicationSupportsIndirectInputEvents = YES;
				INFOPLIST_KEY_UILaunchScreen_Generation = YES;
				INFOPLIST_KEY_UISupportedInterfaceOrientations_iPad = "UIInterfaceOrientationPortrait UIInterfaceOrientationPortraitUpsideDown UIInterfaceOrientationLandscapeLeft UIInterfaceOrientationLandscapeRight";
				INFOPLIST_KEY_UISupportedInterfaceOrientations_iPhone = "UIInterfaceOrientationPortrait UIInterfaceOrientationLandscapeLeft UIInterfaceOrientationLandscapeRight";
				LD_RUNPATH_SEARCH_PATHS = (
					"$(inherited)",
					"@executable_path/Frameworks",
				);
				MARKETING_VERSION = 1.0;
				PRODUCT_BUNDLE_IDENTIFIER = "leyman.loco-ios";
				PRODUCT_NAME = "$(TARGET_NAME)";
				SWIFT_EMIT_LOC_STRINGS = YES;
				SWIFT_VERSION = 5.0;
				TARGETED_DEVICE_FAMILY = "1,2";
			};
			name = Debug;
		};
		C768E3C02F5198CE00EECBB7 /* Release */ = {
			isa = XCBuildConfiguration;
			buildSettings = {
				ASSETCATALOG_COMPILER_APPICON_NAME = AppIcon;
				ASSETCATALOG_COMPILER_GLOBAL_ACCENT_COLOR_NAME = AccentColor;
				CODE_SIGN_STYLE = Automatic;
				CURRENT_PROJECT_VERSION = 1;
				DEVELOPMENT_ASSET_PATHS = "\"loco-ios/Preview Content\"";
				ENABLE_PREVIEWS = YES;
				GENERATE_INFOPLIST_FILE = YES;
				INFOPLIST_KEY_UIApplicationSceneManifest_Generation = YES;
				INFOPLIST_KEY_UIApplicationSupportsIndirectInputEvents = YES;
				INFOPLIST_KEY_UILaunchScreen_Generation = YES;
				INFOPLIST_KEY_UISupportedInterfaceOrientations_iPad = "UIInterfaceOrientationPortrait UIInterfaceOrientationPortraitUpsideDown UIInterfaceOrientationLandscapeLeft UIInterfaceOrientationLandscapeRight";
				INFOPLIST_KEY_UISupportedInterfaceOrientations_iPhone = "UIInterfaceOrientationPortrait UIInterfaceOrientationLandscapeLeft UIInterfaceOrientationLandscapeRight";
				LD_RUNPATH_SEARCH_PATHS = (
					"$(inherited)",
					"@executable_path/Frameworks",
				);
				MARKETING_VERSION = 1.0;
				PRODUCT_BUNDLE_IDENTIFIER = "leyman.loco-ios";
				PRODUCT_NAME = "$(TARGET_NAME)";
				SWIFT_EMIT_LOC_STRINGS = YES;
				SWIFT_VERSION = 5.0;
				TARGETED_DEVICE_FAMILY = "1,2";
			};
			name = Release;
		};
		C768E3C22F5198CE00EECBB7 /* Debug */ = {
			isa = XCBuildConfiguration;
			buildSettings = {
				ALWAYS_EMBED_SWIFT_STANDARD_LIBRARIES = YES;
				BUNDLE_LOADER = "$(TEST_HOST)";
				CODE_SIGN_STYLE = Automatic;
				CURRENT_PROJECT_VERSION = 1;
				GENERATE_INFOPLIST_FILE = YES;
				IPHONEOS_DEPLOYMENT_TARGET = 17.2;
				MARKETING_VERSION = 1.0;
				PRODUCT_BUNDLE_IDENTIFIER = "leyman.loco-iosTests";
				PRODUCT_NAME = "$(TARGET_NAME)";
				SWIFT_EMIT_LOC_STRINGS = NO;
				SWIFT_VERSION = 5.0;
				TARGETED_DEVICE_FAMILY = "1,2";
				TEST_HOST = "$(BUILT_PRODUCTS_DIR)/loco-ios.app/$(BUNDLE_EXECUTABLE_FOLDER_PATH)/loco-ios";
			};
			name = Debug;
		};
		C768E3C32F5198CE00EECBB7 /* Release */ = {
			isa = XCBuildConfiguration;
			buildSettings = {
				ALWAYS_EMBED_SWIFT_STANDARD_LIBRARIES = YES;
				BUNDLE_LOADER = "$(TEST_HOST)";
				CODE_SIGN_STYLE = Automatic;
				CURRENT_PROJECT_VERSION = 1;
				GENERATE_INFOPLIST_FILE = YES;
				IPHONEOS_DEPLOYMENT_TARGET = 17.2;
				MARKETING_VERSION = 1.0;
				PRODUCT_BUNDLE_IDENTIFIER = "leyman.loco-iosTests";
				PRODUCT_NAME = "$(TARGET_NAME)";
				SWIFT_EMIT_LOC_STRINGS = NO;
				SWIFT_VERSION = 5.0;
				TARGETED_DEVICE_FAMILY = "1,2";
				TEST_HOST = "$(BUILT_PRODUCTS_DIR)/loco-ios.app/$(BUNDLE_EXECUTABLE_FOLDER_PATH)/loco-ios";
			};
			name = Release;
		};
		C768E3C52F5198CE00EECBB7 /* Debug */ = {
			isa = XCBuildConfiguration;
			buildSettings = {
				ALWAYS_EMBED_SWIFT_STANDARD_LIBRARIES = YES;
				CODE_SIGN_STYLE = Automatic;
				CURRENT_PROJECT_VERSION = 1;
				GENERATE_INFOPLIST_FILE = YES;
				MARKETING_VERSION = 1.0;
				PRODUCT_BUNDLE_IDENTIFIER = "leyman.loco-iosUITests";
				PRODUCT_NAME = "$(TARGET_NAME)";
				SWIFT_EMIT_LOC_STRINGS = NO;
				SWIFT_VERSION = 5.0;
				TARGETED_DEVICE_FAMILY = "1,2";
				TEST_TARGET_NAME = "loco-ios";
			};
			name = Debug;
		};
		C768E3C62F5198CE00EECBB7 /* Release */ = {
			isa = XCBuildConfiguration;
			buildSettings = {
				ALWAYS_EMBED_SWIFT_STANDARD_LIBRARIES = YES;
				CODE_SIGN_STYLE = Automatic;
				CURRENT_PROJECT_VERSION = 1;
				GENERATE_INFOPLIST_FILE = YES;
				MARKETING_VERSION = 1.0;
				PRODUCT_BUNDLE_IDENTIFIER = "leyman.loco-iosUITests";
				PRODUCT_NAME = "$(TARGET_NAME)";
				SWIFT_EMIT_LOC_STRINGS = NO;
				SWIFT_VERSION = 5.0;
				TARGETED_DEVICE_FAMILY = "1,2";
				TEST_TARGET_NAME = "loco-ios";
			};
			name = Release;
		};
/* End XCBuildConfiguration section */

/* Begin XCConfigurationList section */
		C768E3952F5198CB00EECBB7 /* Build configuration list for PBXProject "loco-ios" */ = {
			isa = XCConfigurationList;
			buildConfigurations = (
				C768E3BC2F5198CE00EECBB7 /* Debug */,
				C768E3BD2F5198CE00EECBB7 /* Release */,
			);
			defaultConfigurationIsVisible = 0;
			defaultConfigurationName = Release;
		};
		C768E3BE2F5198CE00EECBB7 /* Build configuration list for PBXNativeTarget "loco-ios" */ = {
			isa = XCConfigurationList;
			buildConfigurations = (
				C768E3BF2F5198CE00EECBB7 /* Debug */,
				C768E3C02F5198CE00EECBB7 /* Release */,
			);
			defaultConfigurationIsVisible = 0;
			defaultConfigurationName = Release;
		};
		C768E3C12F5198CE00EECBB7 /* Build configuration list for PBXNativeTarget "loco-iosTests" */ = {
			isa = XCConfigurationList;
			buildConfigurations = (
				C768E3C22F5198CE00EECBB7 /* Debug */,
				C768E3C32F5198CE00EECBB7 /* Release */,
			);
			defaultConfigurationIsVisible = 0;
			defaultConfigurationName = Release;
		};
		C768E3C42F5198CE00EECBB7 /* Build configuration list for PBXNativeTarget "loco-iosUITests" */ = {
			isa = XCConfigurationList;
			buildConfigurations = (
				C768E3C52F5198CE00EECBB7 /* Debug */,
				C768E3C62F5198CE00EECBB7 /* Release */,
			);
			defaultConfigurationIsVisible = 0;
			defaultConfigurationName = Release;
		};
/* End XCConfigurationList section */
	};
	rootObject = C768E3922F5198CB00EECBB7 /* Project object */;
}
